
Microsoft Visual Studio Solution File, Format Version 12.00
# Visual Studio Version 16
VisualStudioVersion = 16.0.29519.181
MinimumVisualStudioVersion = 10.0.40219.1
Project("{FAE04EC0-301F-11D3-BF4B-00C04F79EFBC}") = "LabTask", "LabTask\LabTask.csproj", "{23E09CCE-8248-4852-957D-D967DDFEF59A}"
EndProject
Global
	GlobalSection(SolutionConfigurationPlatforms) = preSolution
		Debug|Any CPU = Debug|Any CPU
		Release|Any CPU = Release|Any CPU
	EndGlobalSection
	GlobalSection(ProjectConfigurationPlatforms) = postSolution
		{23E09CCE-8248-4852-957D-D967DDFEF59A}.Debug|Any CPU.ActiveCfg = Debug|Any CPU
		{23E09CCE-8248-4852-957D-D967DDFEF59A}.Debug|Any CPU.Build.0 = Debug|Any CPU
		{23E09CCE-8248-4852-957D-D967DDFEF59A}.Release|Any CPU.ActiveCfg = Release|Any CPU
		{23E09CCE-8248-4852-957D-D967DDFEF59A}.Release|Any CPU.Build.0 = Release|Any CPU
	EndGlobalSection
	GlobalSection(SolutionProperties) = preSolution
		HideSolutionNode = FALSE
	EndGlobalSection
	GlobalSection(ExtensibilityGlobals) = postSolution
		SolutionGuid = {AE99EE6F-6136-4034-8B61-0FE49ABBE1AA}
	EndGlobalSection
EndGlobal
